{
  "version": 4,
  "terraform_version": "1.2.8",
  "serial": 195,
  "lineage": "98201dc1-cbf9-e8fe-093f-d3319d5a2a3d",
  "outputs": {},
  "resources": [
    {
      "mode": "managed",
      "type": "aws_instance",
      "name": "publicinstance1",
      "provider": "provider[\"registry.terraform.io/hashicorp/aws\"]",
      "instances": [
        {
          "schema_version": 1,
          "attributes": {
            "ami": "ami-0fa49cc9dc8d62c84",
            "arn": "arn:aws:ec2:us-east-2:394538046486:instance/i-094761079468fe689",
            "associate_public_ip_address": true,
            "availability_zone": "us-east-2a",
            "capacity_reservation_specification": [
              {
                "capacity_reservation_preference": "open",
                "capacity_reservation_target": []
              }
            ],
            "cpu_core_count": 1,
            "cpu_threads_per_core": 1,
            "credit_specification": [
              {
                "cpu_credits": "standard"
              }
            ],
            "disable_api_stop": false,
            "disable_api_termination": false,
            "ebs_block_device": [],
            "ebs_optimized": false,
            "enclave_options": [
              {
                "enabled": false
              }
            ],
            "ephemeral_block_device": [],
            "get_password_data": false,
            "hibernation": false,
            "host_id": null,
            "iam_instance_profile": "",
            "id": "i-094761079468fe689",
            "instance_initiated_shutdown_behavior": "stop",
            "instance_state": "running",
            "instance_type": "t2.micro",
            "ipv6_address_count": 0,
            "ipv6_addresses": [],
            "key_name": "cal-work",
            "launch_template": [],
            "maintenance_options": [
              {
                "auto_recovery": "default"
              }
            ],
            "metadata_options": [
              {
                "http_endpoint": "enabled",
                "http_put_response_hop_limit": 1,
                "http_tokens": "optional",
                "instance_metadata_tags": "disabled"
              }
            ],
            "monitoring": false,
            "network_interface": [],
            "outpost_arn": "",
            "password_data": "",
            "placement_group": "",
            "placement_partition_number": null,
            "primary_network_interface_id": "eni-02b2b3d2e45d9444e",
            "private_dns": "ip-10-0-1-236.us-east-2.compute.internal",
            "private_dns_name_options": [
              {
                "enable_resource_name_dns_a_record": false,
                "enable_resource_name_dns_aaaa_record": false,
                "hostname_type": "ip-name"
              }
            ],
            "private_ip": "10.0.1.236",
            "public_dns": "",
            "public_ip": "3.133.114.165",
            "root_block_device": [
              {
                "delete_on_termination": true,
                "device_name": "/dev/xvda",
                "encrypted": false,
                "iops": 100,
                "kms_key_id": "",
                "tags": {},
                "throughput": 0,
                "volume_id": "vol-0031e680dcf568a0b",
                "volume_size": 8,
                "volume_type": "gp2"
              }
            ],
            "secondary_private_ips": [],
            "security_groups": [],
            "source_dest_check": true,
            "subnet_id": "subnet-011270978feb95c93",
            "tags": {
              "Name": "My Public Instance 1"
            },
            "tags_all": {
              "Name": "My Public Instance 1"
            },
            "tenancy": "default",
            "timeouts": null,
            "user_data": "708e4fd0aa80afb0f220456bac77eb39d86ca8b5",
            "user_data_base64": null,
            "user_data_replace_on_change": false,
            "volume_tags": null,
            "vpc_security_group_ids": [
              "sg-0b1a5bd4c6a0ad65f"
            ]
          },
          "sensitive_attributes": [],
          "private": "eyJlMmJmYjczMC1lY2FhLTExZTYtOGY4OC0zNDM2M2JjN2M0YzAiOnsiY3JlYXRlIjo2MDAwMDAwMDAwMDAsImRlbGV0ZSI6MTIwMDAwMDAwMDAwMCwidXBkYXRlIjo2MDAwMDAwMDAwMDB9LCJzY2hlbWFfdmVyc2lvbiI6IjEifQ==",
          "dependencies": [
            "aws_security_group.tomcat_sg",
            "aws_subnet.public-subnet-1",
            "aws_vpc.myvpc"
          ]
        }
      ]
    },
    {
      "mode": "managed",
      "type": "aws_instance",
      "name": "publicinstance2",
      "provider": "provider[\"registry.terraform.io/hashicorp/aws\"]",
      "instances": [
        {
          "schema_version": 1,
          "attributes": {
            "ami": "ami-0fa49cc9dc8d62c84",
            "arn": "arn:aws:ec2:us-east-2:394538046486:instance/i-010f5fe4ff7210981",
            "associate_public_ip_address": true,
            "availability_zone": "us-east-2b",
            "capacity_reservation_specification": [
              {
                "capacity_reservation_preference": "open",
                "capacity_reservation_target": []
              }
            ],
            "cpu_core_count": 1,
            "cpu_threads_per_core": 1,
            "credit_specification": [
              {
                "cpu_credits": "standard"
              }
            ],
            "disable_api_stop": false,
            "disable_api_termination": false,
            "ebs_block_device": [],
            "ebs_optimized": false,
            "enclave_options": [
              {
                "enabled": false
              }
            ],
            "ephemeral_block_device": [],
            "get_password_data": false,
            "hibernation": false,
            "host_id": null,
            "iam_instance_profile": "",
            "id": "i-010f5fe4ff7210981",
            "instance_initiated_shutdown_behavior": "stop",
            "instance_state": "running",
            "instance_type": "t2.micro",
            "ipv6_address_count": 0,
            "ipv6_addresses": [],
            "key_name": "cal-work",
            "launch_template": [],
            "maintenance_options": [
              {
                "auto_recovery": "default"
              }
            ],
            "metadata_options": [
              {
                "http_endpoint": "enabled",
                "http_put_response_hop_limit": 1,
                "http_tokens": "optional",
                "instance_metadata_tags": "disabled"
              }
            ],
            "monitoring": false,
            "network_interface": [],
            "outpost_arn": "",
            "password_data": "",
            "placement_group": "",
            "placement_partition_number": null,
            "primary_network_interface_id": "eni-013a7cc41ec75e659",
            "private_dns": "ip-10-0-2-112.us-east-2.compute.internal",
            "private_dns_name_options": [
              {
                "enable_resource_name_dns_a_record": false,
                "enable_resource_name_dns_aaaa_record": false,
                "hostname_type": "ip-name"
              }
            ],
            "private_ip": "10.0.2.112",
            "public_dns": "",
            "public_ip": "3.16.131.33",
            "root_block_device": [
              {
                "delete_on_termination": true,
                "device_name": "/dev/xvda",
                "encrypted": false,
                "iops": 100,
                "kms_key_id": "",
                "tags": {},
                "throughput": 0,
                "volume_id": "vol-0a4bc2324d8f978a8",
                "volume_size": 8,
                "volume_type": "gp2"
              }
            ],
            "secondary_private_ips": [],
            "security_groups": [],
            "source_dest_check": true,
            "subnet_id": "subnet-0cdf328d341bd9271",
            "tags": {
              "Name": "My Public Instance 2"
            },
            "tags_all": {
              "Name": "My Public Instance 2"
            },
            "tenancy": "default",
            "timeouts": null,
            "user_data": "708e4fd0aa80afb0f220456bac77eb39d86ca8b5",
            "user_data_base64": null,
            "user_data_replace_on_change": false,
            "volume_tags": null,
            "vpc_security_group_ids": [
              "sg-0b1a5bd4c6a0ad65f"
            ]
          },
          "sensitive_attributes": [],
          "private": "eyJlMmJmYjczMC1lY2FhLTExZTYtOGY4OC0zNDM2M2JjN2M0YzAiOnsiY3JlYXRlIjo2MDAwMDAwMDAwMDAsImRlbGV0ZSI6MTIwMDAwMDAwMDAwMCwidXBkYXRlIjo2MDAwMDAwMDAwMDB9LCJzY2hlbWFfdmVyc2lvbiI6IjEifQ==",
          "dependencies": [
            "aws_security_group.tomcat_sg",
            "aws_subnet.public-subnet-2",
            "aws_vpc.myvpc"
          ]
        }
      ]
    },
    {
      "mode": "managed",
      "type": "aws_internet_gateway",
      "name": "mygateway",
      "provider": "provider[\"registry.terraform.io/hashicorp/aws\"]",
      "instances": [
        {
          "schema_version": 0,
          "attributes": {
            "arn": "arn:aws:ec2:us-east-2:394538046486:internet-gateway/igw-07061f5635c610615",
            "id": "igw-07061f5635c610615",
            "owner_id": "394538046486",
            "tags": {
              "Name": "IGW"
            },
            "tags_all": {
              "Name": "IGW"
            },
            "timeouts": null,
            "vpc_id": "vpc-082fec5f3e7dcb794"
          },
          "sensitive_attributes": [],
          "private": "eyJlMmJmYjczMC1lY2FhLTExZTYtOGY4OC0zNDM2M2JjN2M0YzAiOnsiY3JlYXRlIjoxMjAwMDAwMDAwMDAwLCJkZWxldGUiOjEyMDAwMDAwMDAwMDAsInVwZGF0ZSI6MTIwMDAwMDAwMDAwMH19",
          "dependencies": [
            "aws_vpc.myvpc"
          ]
        }
      ]
    },
    {
      "mode": "managed",
      "type": "aws_lb",
      "name": "external-elb",
      "provider": "provider[\"registry.terraform.io/hashicorp/aws\"]",
      "instances": [
        {
          "schema_version": 0,
          "attributes": {
            "access_logs": [
              {
                "bucket": "",
                "enabled": false,
                "prefix": ""
              }
            ],
            "arn": "arn:aws:elasticloadbalancing:us-east-2:394538046486:loadbalancer/app/External-LB/1530f12ea1e567fa",
            "arn_suffix": "app/External-LB/1530f12ea1e567fa",
            "customer_owned_ipv4_pool": "",
            "desync_mitigation_mode": "defensive",
            "dns_name": "External-LB-600258533.us-east-2.elb.amazonaws.com",
            "drop_invalid_header_fields": false,
            "enable_cross_zone_load_balancing": null,
            "enable_deletion_protection": false,
            "enable_http2": true,
            "enable_waf_fail_open": false,
            "id": "arn:aws:elasticloadbalancing:us-east-2:394538046486:loadbalancer/app/External-LB/1530f12ea1e567fa",
            "idle_timeout": 60,
            "internal": false,
            "ip_address_type": "ipv4",
            "load_balancer_type": "application",
            "name": "External-LB",
            "name_prefix": null,
            "preserve_host_header": false,
            "security_groups": [
              "sg-0b1a5bd4c6a0ad65f"
            ],
            "subnet_mapping": [
              {
                "allocation_id": "",
                "ipv6_address": "",
                "outpost_id": "",
                "private_ipv4_address": "",
                "subnet_id": "subnet-011270978feb95c93"
              },
              {
                "allocation_id": "",
                "ipv6_address": "",
                "outpost_id": "",
                "private_ipv4_address": "",
                "subnet_id": "subnet-0cdf328d341bd9271"
              }
            ],
            "subnets": [
              "subnet-011270978feb95c93",
              "subnet-0cdf328d341bd9271"
            ],
            "tags": null,
            "tags_all": {},
            "timeouts": null,
            "vpc_id": "vpc-082fec5f3e7dcb794",
            "zone_id": "Z3AADJGX6KTTL2"
          },
          "sensitive_attributes": [],
          "private": "eyJlMmJmYjczMC1lY2FhLTExZTYtOGY4OC0zNDM2M2JjN2M0YzAiOnsiY3JlYXRlIjo2MDAwMDAwMDAwMDAsImRlbGV0ZSI6NjAwMDAwMDAwMDAwLCJ1cGRhdGUiOjYwMDAwMDAwMDAwMH19",
          "dependencies": [
            "aws_security_group.tomcat_sg",
            "aws_subnet.public-subnet-1",
            "aws_subnet.public-subnet-2",
            "aws_vpc.myvpc"
          ]
        }
      ]
    },
    {
      "mode": "managed",
      "type": "aws_lb_target_group",
      "name": "external-elb",
      "provider": "provider[\"registry.terraform.io/hashicorp/aws\"]",
      "instances": [
        {
          "schema_version": 0,
          "attributes": {
            "arn": "arn:aws:elasticloadbalancing:us-east-2:394538046486:targetgroup/ALB-TG/a0c3820cf9ad11d1",
            "arn_suffix": "targetgroup/ALB-TG/a0c3820cf9ad11d1",
            "connection_termination": false,
            "deregistration_delay": "300",
            "health_check": [
              {
                "enabled": true,
                "healthy_threshold": 3,
                "interval": 30,
                "matcher": "",
                "path": "",
                "port": "traffic-port",
                "protocol": "TCP",
                "timeout": 10,
                "unhealthy_threshold": 3
              }
            ],
            "id": "arn:aws:elasticloadbalancing:us-east-2:394538046486:targetgroup/ALB-TG/a0c3820cf9ad11d1",
            "ip_address_type": null,
            "lambda_multi_value_headers_enabled": false,
            "load_balancing_algorithm_type": null,
            "name": "ALB-TG",
            "name_prefix": null,
            "port": 8080,
            "preserve_client_ip": "true",
            "protocol": "TCP",
            "protocol_version": null,
            "proxy_protocol_v2": false,
            "slow_start": 0,
            "stickiness": [
              {
                "cookie_duration": 0,
                "cookie_name": "",
                "enabled": false,
                "type": "source_ip"
              }
            ],
            "tags": null,
            "tags_all": {},
            "target_type": "instance",
            "vpc_id": "vpc-082fec5f3e7dcb794"
          },
          "sensitive_attributes": [],
          "private": "bnVsbA==",
          "dependencies": [
            "aws_vpc.myvpc"
          ]
        }
      ]
    },
    {
      "mode": "managed",
      "type": "aws_lb_target_group",
      "name": "external-elb1",
      "provider": "provider[\"registry.terraform.io/hashicorp/aws\"]",
      "instances": [
        {
          "schema_version": 0,
          "attributes": {
            "arn": "arn:aws:elasticloadbalancing:us-east-2:394538046486:targetgroup/ALB-TG/a0c3820cf9ad11d1",
            "arn_suffix": "targetgroup/ALB-TG/a0c3820cf9ad11d1",
            "connection_termination": false,
            "deregistration_delay": "300",
            "health_check": [
              {
                "enabled": true,
                "healthy_threshold": 3,
                "interval": 30,
                "matcher": "",
                "path": "",
                "port": "traffic-port",
                "protocol": "TCP",
                "timeout": 10,
                "unhealthy_threshold": 3
              }
            ],
            "id": "arn:aws:elasticloadbalancing:us-east-2:394538046486:targetgroup/ALB-TG/a0c3820cf9ad11d1",
            "ip_address_type": null,
            "lambda_multi_value_headers_enabled": false,
            "load_balancing_algorithm_type": null,
            "name": "ALB-TG",
            "name_prefix": null,
            "port": 8080,
            "preserve_client_ip": "true",
            "protocol": "TCP",
            "protocol_version": null,
            "proxy_protocol_v2": false,
            "slow_start": 0,
            "stickiness": [
              {
                "cookie_duration": 0,
                "cookie_name": "",
                "enabled": false,
                "type": "source_ip"
              }
            ],
            "tags": null,
            "tags_all": {},
            "target_type": "instance",
            "vpc_id": "vpc-082fec5f3e7dcb794"
          },
          "sensitive_attributes": [],
          "private": "bnVsbA==",
          "dependencies": [
            "aws_vpc.myvpc"
          ]
        }
      ]
    },
    {
      "mode": "managed",
      "type": "aws_lb_target_group_attachment",
      "name": "external-elb",
      "provider": "provider[\"registry.terraform.io/hashicorp/aws\"]",
      "instances": [
        {
          "schema_version": 0,
          "attributes": {
            "availability_zone": null,
            "id": "arn:aws:elasticloadbalancing:us-east-2:394538046486:targetgroup/ALB-TG/a0c3820cf9ad11d1-20220828141542816500000003",
            "port": 8080,
            "target_group_arn": "arn:aws:elasticloadbalancing:us-east-2:394538046486:targetgroup/ALB-TG/a0c3820cf9ad11d1",
            "target_id": "i-094761079468fe689"
          },
          "sensitive_attributes": [],
          "private": "bnVsbA==",
          "dependencies": [
            "aws_instance.publicinstance1",
            "aws_lb_target_group.external-elb",
            "aws_security_group.tomcat_sg",
            "aws_subnet.public-subnet-1",
            "aws_vpc.myvpc"
          ]
        }
      ]
    },
    {
      "mode": "managed",
      "type": "aws_lb_target_group_attachment",
      "name": "external-elb1",
      "provider": "provider[\"registry.terraform.io/hashicorp/aws\"]",
      "instances": [
        {
          "schema_version": 0,
          "attributes": {
            "availability_zone": null,
            "id": "arn:aws:elasticloadbalancing:us-east-2:394538046486:targetgroup/ALB-TG/a0c3820cf9ad11d1-20220828141542774500000002",
            "port": 8080,
            "target_group_arn": "arn:aws:elasticloadbalancing:us-east-2:394538046486:targetgroup/ALB-TG/a0c3820cf9ad11d1",
            "target_id": "i-010f5fe4ff7210981"
          },
          "sensitive_attributes": [],
          "private": "bnVsbA==",
          "dependencies": [
            "aws_instance.publicinstance2",
            "aws_lb_target_group.external-elb1",
            "aws_security_group.tomcat_sg",
            "aws_subnet.public-subnet-2",
            "aws_vpc.myvpc"
          ]
        }
      ]
    },
    {
      "mode": "managed",
      "type": "aws_route_table",
      "name": "route",
      "provider": "provider[\"registry.terraform.io/hashicorp/aws\"]",
      "instances": [
        {
          "schema_version": 0,
          "attributes": {
            "arn": "arn:aws:ec2:us-east-2:394538046486:route-table/rtb-0c2c228e4048b31ce",
            "id": "rtb-0c2c228e4048b31ce",
            "owner_id": "394538046486",
            "propagating_vgws": [],
            "route": [
              {
                "carrier_gateway_id": "",
                "cidr_block": "0.0.0.0/0",
                "core_network_arn": "",
                "destination_prefix_list_id": "",
                "egress_only_gateway_id": "",
                "gateway_id": "igw-07061f5635c610615",
                "instance_id": "",
                "ipv6_cidr_block": "",
                "local_gateway_id": "",
                "nat_gateway_id": "",
                "network_interface_id": "",
                "transit_gateway_id": "",
                "vpc_endpoint_id": "",
                "vpc_peering_connection_id": ""
              }
            ],
            "tags": {
              "Name": "Route to internet"
            },
            "tags_all": {
              "Name": "Route to internet"
            },
            "timeouts": null,
            "vpc_id": "vpc-082fec5f3e7dcb794"
          },
          "sensitive_attributes": [],
          "private": "eyJlMmJmYjczMC1lY2FhLTExZTYtOGY4OC0zNDM2M2JjN2M0YzAiOnsiY3JlYXRlIjozMDAwMDAwMDAwMDAsImRlbGV0ZSI6MzAwMDAwMDAwMDAwLCJ1cGRhdGUiOjEyMDAwMDAwMDAwMH19",
          "dependencies": [
            "aws_internet_gateway.mygateway",
            "aws_vpc.myvpc"
          ]
        }
      ]
    },
    {
      "mode": "managed",
      "type": "aws_route_table_association",
      "name": "rt1",
      "provider": "provider[\"registry.terraform.io/hashicorp/aws\"]",
      "instances": [
        {
          "schema_version": 0,
          "attributes": {
            "gateway_id": "",
            "id": "rtbassoc-027dbb3f9e1ed9359",
            "route_table_id": "rtb-0c2c228e4048b31ce",
            "subnet_id": "subnet-011270978feb95c93"
          },
          "sensitive_attributes": [],
          "private": "bnVsbA==",
          "dependencies": [
            "aws_internet_gateway.mygateway",
            "aws_route_table.route",
            "aws_subnet.public-subnet-1",
            "aws_vpc.myvpc"
          ]
        }
      ]
    },
    {
      "mode": "managed",
      "type": "aws_route_table_association",
      "name": "rt2",
      "provider": "provider[\"registry.terraform.io/hashicorp/aws\"]",
      "instances": [
        {
          "schema_version": 0,
          "attributes": {
            "gateway_id": "",
            "id": "rtbassoc-089a60100e623158d",
            "route_table_id": "rtb-0c2c228e4048b31ce",
            "subnet_id": "subnet-0cdf328d341bd9271"
          },
          "sensitive_attributes": [],
          "private": "bnVsbA==",
          "dependencies": [
            "aws_internet_gateway.mygateway",
            "aws_route_table.route",
            "aws_subnet.public-subnet-2",
            "aws_vpc.myvpc"
          ]
        }
      ]
    },
    {
      "mode": "managed",
      "type": "aws_security_group",
      "name": "tomcat_sg",
      "provider": "provider[\"registry.terraform.io/hashicorp/aws\"]",
      "instances": [
        {
          "schema_version": 1,
          "attributes": {
            "arn": "arn:aws:ec2:us-east-2:394538046486:security-group/sg-0b1a5bd4c6a0ad65f",
            "description": "Managed by Terraform",
            "egress": [
              {
                "cidr_blocks": [
                  "0.0.0.0/0"
                ],
                "description": "",
                "from_port": 0,
                "ipv6_cidr_blocks": [],
                "prefix_list_ids": [],
                "protocol": "-1",
                "security_groups": [],
                "self": false,
                "to_port": 0
              }
            ],
            "id": "sg-0b1a5bd4c6a0ad65f",
            "ingress": [
              {
                "cidr_blocks": [
                  "0.0.0.0/0"
                ],
                "description": "",
                "from_port": 22,
                "ipv6_cidr_blocks": [],
                "prefix_list_ids": [],
                "protocol": "tcp",
                "security_groups": [],
                "self": false,
                "to_port": 22
              },
              {
                "cidr_blocks": [
                  "0.0.0.0/0"
                ],
                "description": "",
                "from_port": 8080,
                "ipv6_cidr_blocks": [],
                "prefix_list_ids": [],
                "protocol": "tcp",
                "security_groups": [],
                "self": false,
                "to_port": 8080
              }
            ],
            "name": "terraform-20220828141459391100000001",
            "name_prefix": "terraform-",
            "owner_id": "394538046486",
            "revoke_rules_on_delete": false,
            "tags": {
              "Name": "Tomcat_SG"
            },
            "tags_all": {
              "Name": "Tomcat_SG"
            },
            "timeouts": null,
            "vpc_id": "vpc-082fec5f3e7dcb794"
          },
          "sensitive_attributes": [],
          "private": "eyJlMmJmYjczMC1lY2FhLTExZTYtOGY4OC0zNDM2M2JjN2M0YzAiOnsiY3JlYXRlIjo2MDAwMDAwMDAwMDAsImRlbGV0ZSI6OTAwMDAwMDAwMDAwfSwic2NoZW1hX3ZlcnNpb24iOiIxIn0=",
          "dependencies": [
            "aws_vpc.myvpc"
          ]
        }
      ]
    },
    {
      "mode": "managed",
      "type": "aws_subnet",
      "name": "private-subnet-1",
      "provider": "provider[\"registry.terraform.io/hashicorp/aws\"]",
      "instances": [
        {
          "schema_version": 1,
          "attributes": {
            "arn": "arn:aws:ec2:us-east-2:394538046486:subnet/subnet-07b6427efc20b729f",
            "assign_ipv6_address_on_creation": false,
            "availability_zone": "us-east-2a",
            "availability_zone_id": "use2-az1",
            "cidr_block": "10.0.3.0/24",
            "customer_owned_ipv4_pool": "",
            "enable_dns64": false,
            "enable_resource_name_dns_a_record_on_launch": false,
            "enable_resource_name_dns_aaaa_record_on_launch": false,
            "id": "subnet-07b6427efc20b729f",
            "ipv6_cidr_block": "",
            "ipv6_cidr_block_association_id": "",
            "ipv6_native": false,
            "map_customer_owned_ip_on_launch": false,
            "map_public_ip_on_launch": true,
            "outpost_arn": "",
            "owner_id": "394538046486",
            "private_dns_hostname_type_on_launch": "ip-name",
            "tags": {
              "Name": "Private Subnet 1"
            },
            "tags_all": {
              "Name": "Private Subnet 1"
            },
            "timeouts": null,
            "vpc_id": "vpc-082fec5f3e7dcb794"
          },
          "sensitive_attributes": [],
          "private": "eyJlMmJmYjczMC1lY2FhLTExZTYtOGY4OC0zNDM2M2JjN2M0YzAiOnsiY3JlYXRlIjo2MDAwMDAwMDAwMDAsImRlbGV0ZSI6MTIwMDAwMDAwMDAwMH0sInNjaGVtYV92ZXJzaW9uIjoiMSJ9",
          "dependencies": [
            "aws_vpc.myvpc"
          ]
        }
      ]
    },
    {
      "mode": "managed",
      "type": "aws_subnet",
      "name": "private-subnet-2",
      "provider": "provider[\"registry.terraform.io/hashicorp/aws\"]",
      "instances": [
        {
          "schema_version": 1,
          "attributes": {
            "arn": "arn:aws:ec2:us-east-2:394538046486:subnet/subnet-0948c1175f96fbb39",
            "assign_ipv6_address_on_creation": false,
            "availability_zone": "us-east-2b",
            "availability_zone_id": "use2-az2",
            "cidr_block": "10.0.4.0/24",
            "customer_owned_ipv4_pool": "",
            "enable_dns64": false,
            "enable_resource_name_dns_a_record_on_launch": false,
            "enable_resource_name_dns_aaaa_record_on_launch": false,
            "id": "subnet-0948c1175f96fbb39",
            "ipv6_cidr_block": "",
            "ipv6_cidr_block_association_id": "",
            "ipv6_native": false,
            "map_customer_owned_ip_on_launch": false,
            "map_public_ip_on_launch": true,
            "outpost_arn": "",
            "owner_id": "394538046486",
            "private_dns_hostname_type_on_launch": "ip-name",
            "tags": {
              "Name": "Private Subnet 2"
            },
            "tags_all": {
              "Name": "Private Subnet 2"
            },
            "timeouts": null,
            "vpc_id": "vpc-082fec5f3e7dcb794"
          },
          "sensitive_attributes": [],
          "private": "eyJlMmJmYjczMC1lY2FhLTExZTYtOGY4OC0zNDM2M2JjN2M0YzAiOnsiY3JlYXRlIjo2MDAwMDAwMDAwMDAsImRlbGV0ZSI6MTIwMDAwMDAwMDAwMH0sInNjaGVtYV92ZXJzaW9uIjoiMSJ9",
          "dependencies": [
            "aws_vpc.myvpc"
          ]
        }
      ]
    },
    {
      "mode": "managed",
      "type": "aws_subnet",
      "name": "public-subnet-1",
      "provider": "provider[\"registry.terraform.io/hashicorp/aws\"]",
      "instances": [
        {
          "schema_version": 1,
          "attributes": {
            "arn": "arn:aws:ec2:us-east-2:394538046486:subnet/subnet-011270978feb95c93",
            "assign_ipv6_address_on_creation": false,
            "availability_zone": "us-east-2a",
            "availability_zone_id": "use2-az1",
            "cidr_block": "10.0.1.0/24",
            "customer_owned_ipv4_pool": "",
            "enable_dns64": false,
            "enable_resource_name_dns_a_record_on_launch": false,
            "enable_resource_name_dns_aaaa_record_on_launch": false,
            "id": "subnet-011270978feb95c93",
            "ipv6_cidr_block": "",
            "ipv6_cidr_block_association_id": "",
            "ipv6_native": false,
            "map_customer_owned_ip_on_launch": false,
            "map_public_ip_on_launch": true,
            "outpost_arn": "",
            "owner_id": "394538046486",
            "private_dns_hostname_type_on_launch": "ip-name",
            "tags": {
              "Name": "Public Subnet 1"
            },
            "tags_all": {
              "Name": "Public Subnet 1"
            },
            "timeouts": null,
            "vpc_id": "vpc-082fec5f3e7dcb794"
          },
          "sensitive_attributes": [],
          "private": "eyJlMmJmYjczMC1lY2FhLTExZTYtOGY4OC0zNDM2M2JjN2M0YzAiOnsiY3JlYXRlIjo2MDAwMDAwMDAwMDAsImRlbGV0ZSI6MTIwMDAwMDAwMDAwMH0sInNjaGVtYV92ZXJzaW9uIjoiMSJ9",
          "dependencies": [
            "aws_vpc.myvpc"
          ]
        }
      ]
    },
    {
      "mode": "managed",
      "type": "aws_subnet",
      "name": "public-subnet-2",
      "provider": "provider[\"registry.terraform.io/hashicorp/aws\"]",
      "instances": [
        {
          "schema_version": 1,
          "attributes": {
            "arn": "arn:aws:ec2:us-east-2:394538046486:subnet/subnet-0cdf328d341bd9271",
            "assign_ipv6_address_on_creation": false,
            "availability_zone": "us-east-2b",
            "availability_zone_id": "use2-az2",
            "cidr_block": "10.0.2.0/24",
            "customer_owned_ipv4_pool": "",
            "enable_dns64": false,
            "enable_resource_name_dns_a_record_on_launch": false,
            "enable_resource_name_dns_aaaa_record_on_launch": false,
            "id": "subnet-0cdf328d341bd9271",
            "ipv6_cidr_block": "",
            "ipv6_cidr_block_association_id": "",
            "ipv6_native": false,
            "map_customer_owned_ip_on_launch": false,
            "map_public_ip_on_launch": true,
            "outpost_arn": "",
            "owner_id": "394538046486",
            "private_dns_hostname_type_on_launch": "ip-name",
            "tags": {
              "Name": "Public Subnet 2"
            },
            "tags_all": {
              "Name": "Public Subnet 2"
            },
            "timeouts": null,
            "vpc_id": "vpc-082fec5f3e7dcb794"
          },
          "sensitive_attributes": [],
          "private": "eyJlMmJmYjczMC1lY2FhLTExZTYtOGY4OC0zNDM2M2JjN2M0YzAiOnsiY3JlYXRlIjo2MDAwMDAwMDAwMDAsImRlbGV0ZSI6MTIwMDAwMDAwMDAwMH0sInNjaGVtYV92ZXJzaW9uIjoiMSJ9",
          "dependencies": [
            "aws_vpc.myvpc"
          ]
        }
      ]
    },
    {
      "mode": "managed",
      "type": "aws_vpc",
      "name": "myvpc",
      "provider": "provider[\"registry.terraform.io/hashicorp/aws\"]",
      "instances": [
        {
          "schema_version": 1,
          "attributes": {
            "arn": "arn:aws:ec2:us-east-2:394538046486:vpc/vpc-082fec5f3e7dcb794",
            "assign_generated_ipv6_cidr_block": false,
            "cidr_block": "10.0.0.0/16",
            "default_network_acl_id": "acl-045b96bf2c44e23e6",
            "default_route_table_id": "rtb-0e3d5caed8ab9b702",
            "default_security_group_id": "sg-013f3e24562912fc2",
            "dhcp_options_id": "dopt-0bfd0065b65a4c128",
            "enable_classiclink": false,
            "enable_classiclink_dns_support": false,
            "enable_dns_hostnames": false,
            "enable_dns_support": true,
            "id": "vpc-082fec5f3e7dcb794",
            "instance_tenancy": "default",
            "ipv4_ipam_pool_id": null,
            "ipv4_netmask_length": null,
            "ipv6_association_id": "",
            "ipv6_cidr_block": "",
            "ipv6_cidr_block_network_border_group": "",
            "ipv6_ipam_pool_id": "",
            "ipv6_netmask_length": 0,
            "main_route_table_id": "rtb-0e3d5caed8ab9b702",
            "owner_id": "394538046486",
            "tags": {
              "Name": "MY VPC"
            },
            "tags_all": {
              "Name": "MY VPC"
            }
          },
          "sensitive_attributes": [],
          "private": "eyJzY2hlbWFfdmVyc2lvbiI6IjEifQ=="
        }
      ]
    },
    {
      "mode": "managed",
      "type": "local_file",
      "name": "key-pair",
      "provider": "provider[\"registry.terraform.io/hashicorp/local\"]",
      "instances": [
        {
          "schema_version": 0,
          "attributes": {
            "content": "-----BEGIN RSA PRIVATE KEY-----\nMIIJKAIBAAKCAgEArjsIBTOqYvV5P/TmaPF35ux6Ejvs0IPjtP3V9SBOTHy627B0\npv9pD9P8ARidApLkyqzRw7SM5ea8Xy5oNZ0G0LxkJl8yqk2mKacK20Vxf1YImFXW\nJq2SOClfMDEw2XXbMF2Jwb7ZDvW/h5FTJvVdFxtFndVe48OFpoDhkTY2XbkxbHfG\nlp1uTlU+GcLi5UlK4cq7nBX3SwWoGf8/oExrvvfq4MxONh+nFHHxIVLoQNna4Fo9\ngFEriZjzrPmV4hYc1aqO0taOLS4VcTqegBCfd/+zgcOxMfjuODUn55vsa2rjD0Kc\nBnS1UUI+OsFifPzRBq+Y8d7xxizMmnkLS3AQzzbssr0OWwYxZ6iCP3YHxMj4bMsJ\n3ZUdbleoZ+A5zqe+7i0s4hruHJ8Ei2gRcMS0oflFcKfXwpZrWSw3P4dP7pThOeAS\nAY4kGrJpZ76ThklO/MFBSx54FdAJrchzbm0E92GwqBK4mc4zeXfUAVwcbQmkVqHa\ncYY4FravmXY6c7F1uBxhJOaxbNTr5yBsLGbpFsUY/G/oss/uXOLSSbqkJcG2J2sP\n8XdU7Vm5l0IA3um2L4W0/1UVY+32bFbh28jJ6VqR0kmXTf9ocmz8CIvGC+IlKf9J\n3szU5kyXHBYzBBg29J10e+jq8Na+VcAgE8CD96DgOpb+JJzS16j6t0bIoz0CAwEA\nAQKCAgB+AKsYN/ktgCGkI1TO6HKySqstrLDjS77OEhU+JZL6tendH4v9ihFNJR3H\nHSnPxrQ37yv0wQp06Z2pqEItI9bd9qDnL0nQ6D8XOHsdgOdIE8w7fzhU2Io6m5D/\npVOSsS1HmR4bRA5uR0Owo2Tjc+dS4qJCNyFczvZFKEf5YJ+IwHoB281+93Piqrsy\nnkLBV3QUPy3W//vMAddEldhJ8XqqrVjsIlUdx15p5s1gMDlPTT6BqkF4HzvBUyBH\nJGlFDIDl9Wc9C3XfLsjLDn26WEs72WzUl9X6MfD2LVsioR0lwjNbwexcruLCVYnz\nrA+yHJR+pVeS9I0dqSB/RrLoZ69/OfH66HEO6BrM6RB+SRSkRces+J6rTthX8Qck\nuGBhYMhLS4+3m7d9aBG57/XH+KW7DtThBObToerkagwHRW5jGbcs7y/5u3bAotGL\nznqzkxHB3X0CjLvHy32zlheC4TRokxcXt2JfVOGlziM9FUyACYPDjJ0t+LVeAcjw\n6UYkLrxmJ5AfFORlqCOQSANVdnEZDkJUuo/FDU1MBmfi1bvd7wRnrt3FaQOTyi+v\neBfm3v5DKD9Ap0+HVffKcq2o/O1XM4lq4X7oamLFVPfQkqMvvTaPuACHDV1LnH4w\nWvzZC2B+T8DMZtvRFlshBzIWjMMCsFMuW116Oh3NUx82Ufpo8QKCAQEAw3eOPd/P\ncKVXG5JXtSwZqiqlVqPfyUovc4vhwe5Zu+f+Iqayc6o6qAVFKb5uJWWOKlz5WvCl\ngxCsUUFdo6MLOJzDjAZAVZkS1z2WbCwHU7o0XW6fT3xV5Rur3g5nJLi3aFGt78fu\nnPf0Ogr0VTJ1gxSfzlpq5/QklP0j/eK36YkHrwTZ2iVFIHRMsrzOurvkV+YpI5pi\n9wDxpdwHZuENQxAVD4Qt4+qe/Eycjl53E6jLms9lWuy7ZZYzRHSqLSzFsfMZuUZF\nfRgp7V9Si5eKODyceCoEQYXoUFuw1yG8fJ0bOBW5fw69U3ViA8FMOKd/vG+HC7bj\nnl/hqKjVihhp1wKCAQEA5C/fJxN0sq7uEcIgnBeB7YBEM5WyMQETrFp04UaWCSYZ\nQ7107DZUhJoxxjNsfwsLUHmLtSuZY00ozJy7ciGNpuw2V7E5WUtAaPnUpiHqhaMw\nOoUWLuBUb45SstS42gdc5/sJs1D925sWXVhMLRTusyfUo6mJfgi2GGmc+Vo7Wtu+\n8jLXERvm/paKI/LUuq5xJmFIMvBPTSwcKip43x9lF1d1GOhcw2UjXG9IOOuWh+v6\nH/1MKbuEJDgI9ykCc4uS1ZO7ggadVxuL4vJYeuwOw92M/tZmr9dQz1kvsjHyVLS9\nEfqYzcLsZfy17rGKHQPbigMrjBQgnCUvbEGri3fBCwKCAQEAmtzW6jiu7i1g1Sxd\npuF4t/QvqHQPMjg/Xgk+ZNqFZ7WHCEcP7Um6TTJXuJnyRFiwiOm+eYldaHjGPV5P\nZP0hP8obt42gXPD5F2TpD2zWpURKhpfFSkFVAD6rLTQ2Dcb3MIQ+DVJWvzBH49CY\nAgQHTEID1oaWWo14ij4AzP5Z/YGef9CVFRsgKHVb6uRh2VpRsD5e66E+tTmfOmwX\nxS+axT4xoWh0vzU8nuHHy5gWOZIrNc0JHT+fvP2CQsM3rLDjNHhJMhv1pAWH+lPi\nX0xBqwqCYUXQt2TzSO9MLTXCUuxaC1ZS79Jqt3uxmw4DaIN0VYP695H/xpNqgqi4\n/j8XYwKCAQA3dUsO/DOImetSdZPnW+9AAcSRpPhB4LkfUnzFo5ojbxcE167rGelA\nsRkXyre7yLtfO6swxP/qmn4n/I+yFWWQBCjQ90mw4hEtckq0ddnB0P+PuXjCu9LJ\nqhV/USP8GX4DA4hABJcuIGs3FJau/j9lW3DatgGsmAFpvYFhOQTj+DRYOPL8PYPO\nrFe2lPYOyQbHBS2+85jScL4HoXru/3paSe8ztoWVF6eYd5NeAiP7tOZ9j9pK6kAb\nbWMAbv8hhfKR5e3UlDb5TMCaz7uhZG3SPK5f4UvjwLjrLAnjjTAQVjz9eaJZn95E\niz7MXGns01swF8Ulrl6elIsKDIvcwaYxAoIBACKrH5oeCeBV7t+aWREqhx46Lf+j\nw0CrQaeXcUnSFw8t5I2tKhe9+pvfNENelJPqS2zba6lJ9KbOLDFV1Gppk0hVwIOE\nxIh3uYDjjpYXJSqWtmpcAUnLQxktUCEk90nsfAAHPBrIzZnzvkrykRFS0MIl8tG9\n/Duo0ls7pAbw37oFjuHN5SW/HGhntu/8HrLlInLxoHAU0HXk+rnhGgkObf6TE/Cv\n5fK+V7TYtMgq+eiYhRSiGGxtw8iU6rwih7hTzymw+IJGp59kdkGp19JiNNa47BZ2\nWgD58oVRPRZldB/JEes88fIDm4lZmbgObkaMcRKeHWp3lxh9FmCCejOg63Q=\n-----END RSA PRIVATE KEY-----\n",
            "content_base64": null,
            "directory_permission": "0777",
            "file_permission": "0777",
            "filename": "cal-work",
            "id": "0da2aa1cd70e8dd3190cc36165126c03066717d9",
            "sensitive_content": null,
            "source": null
          },
          "sensitive_attributes": [
            [
              {
                "type": "get_attr",
                "value": "content"
              }
            ]
          ],
          "private": "bnVsbA==",
          "dependencies": [
            "tls_private_key.rsa"
          ]
        }
      ]
    },
    {
      "mode": "managed",
      "type": "tls_private_key",
      "name": "rsa",
      "provider": "provider[\"registry.terraform.io/hashicorp/tls\"]",
      "instances": [
        {
          "schema_version": 1,
          "attributes": {
            "algorithm": "RSA",
            "ecdsa_curve": "P224",
            "id": "b59542beb66130b4992d887508ba3c045efaf43c",
            "private_key_openssh": "-----BEGIN OPENSSH PRIVATE KEY-----\nb3BlbnNzaC1rZXktdjEAAAAABG5vbmUAAAAEbm9uZQAAAAAAAAABAAACFwAAAAdz\nc2gtcnNhAAAAAwEAAQAAAgEArjsIBTOqYvV5P/TmaPF35ux6Ejvs0IPjtP3V9SBO\nTHy627B0pv9pD9P8ARidApLkyqzRw7SM5ea8Xy5oNZ0G0LxkJl8yqk2mKacK20Vx\nf1YImFXWJq2SOClfMDEw2XXbMF2Jwb7ZDvW/h5FTJvVdFxtFndVe48OFpoDhkTY2\nXbkxbHfGlp1uTlU+GcLi5UlK4cq7nBX3SwWoGf8/oExrvvfq4MxONh+nFHHxIVLo\nQNna4Fo9gFEriZjzrPmV4hYc1aqO0taOLS4VcTqegBCfd/+zgcOxMfjuODUn55vs\na2rjD0KcBnS1UUI+OsFifPzRBq+Y8d7xxizMmnkLS3AQzzbssr0OWwYxZ6iCP3YH\nxMj4bMsJ3ZUdbleoZ+A5zqe+7i0s4hruHJ8Ei2gRcMS0oflFcKfXwpZrWSw3P4dP\n7pThOeASAY4kGrJpZ76ThklO/MFBSx54FdAJrchzbm0E92GwqBK4mc4zeXfUAVwc\nbQmkVqHacYY4FravmXY6c7F1uBxhJOaxbNTr5yBsLGbpFsUY/G/oss/uXOLSSbqk\nJcG2J2sP8XdU7Vm5l0IA3um2L4W0/1UVY+32bFbh28jJ6VqR0kmXTf9ocmz8CIvG\nC+IlKf9J3szU5kyXHBYzBBg29J10e+jq8Na+VcAgE8CD96DgOpb+JJzS16j6t0bI\noz0AAAc4Ikqh5SJKoeUAAAAHc3NoLXJzYQAAAgEArjsIBTOqYvV5P/TmaPF35ux6\nEjvs0IPjtP3V9SBOTHy627B0pv9pD9P8ARidApLkyqzRw7SM5ea8Xy5oNZ0G0Lxk\nJl8yqk2mKacK20Vxf1YImFXWJq2SOClfMDEw2XXbMF2Jwb7ZDvW/h5FTJvVdFxtF\nndVe48OFpoDhkTY2XbkxbHfGlp1uTlU+GcLi5UlK4cq7nBX3SwWoGf8/oExrvvfq\n4MxONh+nFHHxIVLoQNna4Fo9gFEriZjzrPmV4hYc1aqO0taOLS4VcTqegBCfd/+z\ngcOxMfjuODUn55vsa2rjD0KcBnS1UUI+OsFifPzRBq+Y8d7xxizMmnkLS3AQzzbs\nsr0OWwYxZ6iCP3YHxMj4bMsJ3ZUdbleoZ+A5zqe+7i0s4hruHJ8Ei2gRcMS0oflF\ncKfXwpZrWSw3P4dP7pThOeASAY4kGrJpZ76ThklO/MFBSx54FdAJrchzbm0E92Gw\nqBK4mc4zeXfUAVwcbQmkVqHacYY4FravmXY6c7F1uBxhJOaxbNTr5yBsLGbpFsUY\n/G/oss/uXOLSSbqkJcG2J2sP8XdU7Vm5l0IA3um2L4W0/1UVY+32bFbh28jJ6VqR\n0kmXTf9ocmz8CIvGC+IlKf9J3szU5kyXHBYzBBg29J10e+jq8Na+VcAgE8CD96Dg\nOpb+JJzS16j6t0bIoz0AAAADAQABAAACAH4Aqxg3+S2AIaQjVM7ocrJKqy2ssONL\nvs4SFT4lkvq16d0fi/2KEU0lHccdKc/GtDfvK/TBCnTpnamoQi0j1t32oOcvSdDo\nPxc4ex2A50gTzDt/OFTYijqbkP+lU5KxLUeZHhtEDm5HQ7CjZONz51LiokI3IVzO\n9kUoR/lgn4jAegHbzX73c+KquzKeQsFXdBQ/Ldb/+8wB10SV2EnxeqqtWOwiVR3H\nXmnmzWAwOU9NPoGqQXgfO8FTIEckaUUMgOX1Zz0Ldd8uyMsOfbpYSzvZbNSX1fox\n8PYtWyKhHSXCM1vB7Fyu4sJVifOsD7IclH6lV5L0jR2pIH9Gsuhnr3858frocQ7o\nGszpEH5JFKRFx6z4nqtO2FfxByS4YGFgyEtLj7ebt31oEbnv9cf4pbsO1OEE5tOh\n6uRqDAdFbmMZtyzvL/m7dsCi0YvOerOTEcHdfQKMu8fLfbOWF4LhNGiTFxe3Yl9U\n4aXOIz0VTIAJg8OMnS34tV4ByPDpRiQuvGYnkB8U5GWoI5BIA1V2cRkOQlS6j8UN\nTUwGZ+LVu93vBGeu3cVpA5PKL694F+be/kMoP0CnT4dV98pyraj87VcziWrhfuhq\nYsVU99CSoy+9No+4AIcNXUucfjBa/NkLYH5PwMxm29EWWyEHMhaMwwKwUy5bXXo6\nHc1THzZR+mjxAAABACKrH5oeCeBV7t+aWREqhx46Lf+jw0CrQaeXcUnSFw8t5I2t\nKhe9+pvfNENelJPqS2zba6lJ9KbOLDFV1Gppk0hVwIOExIh3uYDjjpYXJSqWtmpc\nAUnLQxktUCEk90nsfAAHPBrIzZnzvkrykRFS0MIl8tG9/Duo0ls7pAbw37oFjuHN\n5SW/HGhntu/8HrLlInLxoHAU0HXk+rnhGgkObf6TE/Cv5fK+V7TYtMgq+eiYhRSi\nGGxtw8iU6rwih7hTzymw+IJGp59kdkGp19JiNNa47BZ2WgD58oVRPRZldB/JEes8\n8fIDm4lZmbgObkaMcRKeHWp3lxh9FmCCejOg63QAAAEBAMN3jj3fz3ClVxuSV7Us\nGaoqpVaj38lKL3OL4cHuWbvn/iKmsnOqOqgFRSm+biVljipc+VrwpYMQrFFBXaOj\nCzicw4wGQFWZEtc9lmwsB1O6NF1un098VeUbq94OZyS4t2hRre/H7pz39DoK9FUy\ndYMUn85aauf0JJT9I/3it+mJB68E2dolRSB0TLK8zrq75FfmKSOaYvcA8aXcB2bh\nDUMQFQ+ELePqnvxMnI5edxOoy5rPZVrsu2WWM0R0qi0sxbHzGblGRX0YKe1fUouX\nijg8nHgqBEGF6FBbsNchvHydGzgVuX8OvVN1YgPBTDinf7xvhwu2455f4aio1YoY\nadcAAAEBAOQv3ycTdLKu7hHCIJwXge2ARDOVsjEBE6xadOFGlgkmGUO9dOw2VISa\nMcYzbH8LC1B5i7UrmWNNKMycu3IhjabsNlexOVlLQGj51KYh6oWjMDqFFi7gVG+O\nUrLUuNoHXOf7CbNQ/dubFl1YTC0U7rMn1KOpiX4IthhpnPlaO1rbvvIy1xEb5v6W\niiPy1LqucSZhSDLwT00sHCoqeN8fZRdXdRjoXMNlI1xvSDjrlofr+h/9TCm7hCQ4\nCPcpAnOLktWTu4IGnVcbi+LyWHrsDsPdjP7WZq/XUM9ZL7Ix8lS0vRH6mM3C7GX8\nte6xih0D24oDK4wUIJwlL2xBq4t3wQsAAAAAAQID\n-----END OPENSSH PRIVATE KEY-----\n",
            "private_key_pem": "-----BEGIN RSA PRIVATE KEY-----\nMIIJKAIBAAKCAgEArjsIBTOqYvV5P/TmaPF35ux6Ejvs0IPjtP3V9SBOTHy627B0\npv9pD9P8ARidApLkyqzRw7SM5ea8Xy5oNZ0G0LxkJl8yqk2mKacK20Vxf1YImFXW\nJq2SOClfMDEw2XXbMF2Jwb7ZDvW/h5FTJvVdFxtFndVe48OFpoDhkTY2XbkxbHfG\nlp1uTlU+GcLi5UlK4cq7nBX3SwWoGf8/oExrvvfq4MxONh+nFHHxIVLoQNna4Fo9\ngFEriZjzrPmV4hYc1aqO0taOLS4VcTqegBCfd/+zgcOxMfjuODUn55vsa2rjD0Kc\nBnS1UUI+OsFifPzRBq+Y8d7xxizMmnkLS3AQzzbssr0OWwYxZ6iCP3YHxMj4bMsJ\n3ZUdbleoZ+A5zqe+7i0s4hruHJ8Ei2gRcMS0oflFcKfXwpZrWSw3P4dP7pThOeAS\nAY4kGrJpZ76ThklO/MFBSx54FdAJrchzbm0E92GwqBK4mc4zeXfUAVwcbQmkVqHa\ncYY4FravmXY6c7F1uBxhJOaxbNTr5yBsLGbpFsUY/G/oss/uXOLSSbqkJcG2J2sP\n8XdU7Vm5l0IA3um2L4W0/1UVY+32bFbh28jJ6VqR0kmXTf9ocmz8CIvGC+IlKf9J\n3szU5kyXHBYzBBg29J10e+jq8Na+VcAgE8CD96DgOpb+JJzS16j6t0bIoz0CAwEA\nAQKCAgB+AKsYN/ktgCGkI1TO6HKySqstrLDjS77OEhU+JZL6tendH4v9ihFNJR3H\nHSnPxrQ37yv0wQp06Z2pqEItI9bd9qDnL0nQ6D8XOHsdgOdIE8w7fzhU2Io6m5D/\npVOSsS1HmR4bRA5uR0Owo2Tjc+dS4qJCNyFczvZFKEf5YJ+IwHoB281+93Piqrsy\nnkLBV3QUPy3W//vMAddEldhJ8XqqrVjsIlUdx15p5s1gMDlPTT6BqkF4HzvBUyBH\nJGlFDIDl9Wc9C3XfLsjLDn26WEs72WzUl9X6MfD2LVsioR0lwjNbwexcruLCVYnz\nrA+yHJR+pVeS9I0dqSB/RrLoZ69/OfH66HEO6BrM6RB+SRSkRces+J6rTthX8Qck\nuGBhYMhLS4+3m7d9aBG57/XH+KW7DtThBObToerkagwHRW5jGbcs7y/5u3bAotGL\nznqzkxHB3X0CjLvHy32zlheC4TRokxcXt2JfVOGlziM9FUyACYPDjJ0t+LVeAcjw\n6UYkLrxmJ5AfFORlqCOQSANVdnEZDkJUuo/FDU1MBmfi1bvd7wRnrt3FaQOTyi+v\neBfm3v5DKD9Ap0+HVffKcq2o/O1XM4lq4X7oamLFVPfQkqMvvTaPuACHDV1LnH4w\nWvzZC2B+T8DMZtvRFlshBzIWjMMCsFMuW116Oh3NUx82Ufpo8QKCAQEAw3eOPd/P\ncKVXG5JXtSwZqiqlVqPfyUovc4vhwe5Zu+f+Iqayc6o6qAVFKb5uJWWOKlz5WvCl\ngxCsUUFdo6MLOJzDjAZAVZkS1z2WbCwHU7o0XW6fT3xV5Rur3g5nJLi3aFGt78fu\nnPf0Ogr0VTJ1gxSfzlpq5/QklP0j/eK36YkHrwTZ2iVFIHRMsrzOurvkV+YpI5pi\n9wDxpdwHZuENQxAVD4Qt4+qe/Eycjl53E6jLms9lWuy7ZZYzRHSqLSzFsfMZuUZF\nfRgp7V9Si5eKODyceCoEQYXoUFuw1yG8fJ0bOBW5fw69U3ViA8FMOKd/vG+HC7bj\nnl/hqKjVihhp1wKCAQEA5C/fJxN0sq7uEcIgnBeB7YBEM5WyMQETrFp04UaWCSYZ\nQ7107DZUhJoxxjNsfwsLUHmLtSuZY00ozJy7ciGNpuw2V7E5WUtAaPnUpiHqhaMw\nOoUWLuBUb45SstS42gdc5/sJs1D925sWXVhMLRTusyfUo6mJfgi2GGmc+Vo7Wtu+\n8jLXERvm/paKI/LUuq5xJmFIMvBPTSwcKip43x9lF1d1GOhcw2UjXG9IOOuWh+v6\nH/1MKbuEJDgI9ykCc4uS1ZO7ggadVxuL4vJYeuwOw92M/tZmr9dQz1kvsjHyVLS9\nEfqYzcLsZfy17rGKHQPbigMrjBQgnCUvbEGri3fBCwKCAQEAmtzW6jiu7i1g1Sxd\npuF4t/QvqHQPMjg/Xgk+ZNqFZ7WHCEcP7Um6TTJXuJnyRFiwiOm+eYldaHjGPV5P\nZP0hP8obt42gXPD5F2TpD2zWpURKhpfFSkFVAD6rLTQ2Dcb3MIQ+DVJWvzBH49CY\nAgQHTEID1oaWWo14ij4AzP5Z/YGef9CVFRsgKHVb6uRh2VpRsD5e66E+tTmfOmwX\nxS+axT4xoWh0vzU8nuHHy5gWOZIrNc0JHT+fvP2CQsM3rLDjNHhJMhv1pAWH+lPi\nX0xBqwqCYUXQt2TzSO9MLTXCUuxaC1ZS79Jqt3uxmw4DaIN0VYP695H/xpNqgqi4\n/j8XYwKCAQA3dUsO/DOImetSdZPnW+9AAcSRpPhB4LkfUnzFo5ojbxcE167rGelA\nsRkXyre7yLtfO6swxP/qmn4n/I+yFWWQBCjQ90mw4hEtckq0ddnB0P+PuXjCu9LJ\nqhV/USP8GX4DA4hABJcuIGs3FJau/j9lW3DatgGsmAFpvYFhOQTj+DRYOPL8PYPO\nrFe2lPYOyQbHBS2+85jScL4HoXru/3paSe8ztoWVF6eYd5NeAiP7tOZ9j9pK6kAb\nbWMAbv8hhfKR5e3UlDb5TMCaz7uhZG3SPK5f4UvjwLjrLAnjjTAQVjz9eaJZn95E\niz7MXGns01swF8Ulrl6elIsKDIvcwaYxAoIBACKrH5oeCeBV7t+aWREqhx46Lf+j\nw0CrQaeXcUnSFw8t5I2tKhe9+pvfNENelJPqS2zba6lJ9KbOLDFV1Gppk0hVwIOE\nxIh3uYDjjpYXJSqWtmpcAUnLQxktUCEk90nsfAAHPBrIzZnzvkrykRFS0MIl8tG9\n/Duo0ls7pAbw37oFjuHN5SW/HGhntu/8HrLlInLxoHAU0HXk+rnhGgkObf6TE/Cv\n5fK+V7TYtMgq+eiYhRSiGGxtw8iU6rwih7hTzymw+IJGp59kdkGp19JiNNa47BZ2\nWgD58oVRPRZldB/JEes88fIDm4lZmbgObkaMcRKeHWp3lxh9FmCCejOg63Q=\n-----END RSA PRIVATE KEY-----\n",
            "private_key_pem_pkcs8": "-----BEGIN PRIVATE KEY-----\nMIIJQgIBADANBgkqhkiG9w0BAQEFAASCCSwwggkoAgEAAoICAQCuOwgFM6pi9Xk/\n9OZo8Xfm7HoSO+zQg+O0/dX1IE5MfLrbsHSm/2kP0/wBGJ0CkuTKrNHDtIzl5rxf\nLmg1nQbQvGQmXzKqTaYppwrbRXF/VgiYVdYmrZI4KV8wMTDZddswXYnBvtkO9b+H\nkVMm9V0XG0Wd1V7jw4WmgOGRNjZduTFsd8aWnW5OVT4ZwuLlSUrhyrucFfdLBagZ\n/z+gTGu+9+rgzE42H6cUcfEhUuhA2drgWj2AUSuJmPOs+ZXiFhzVqo7S1o4tLhVx\nOp6AEJ93/7OBw7Ex+O44NSfnm+xrauMPQpwGdLVRQj46wWJ8/NEGr5jx3vHGLMya\neQtLcBDPNuyyvQ5bBjFnqII/dgfEyPhsywndlR1uV6hn4DnOp77uLSziGu4cnwSL\naBFwxLSh+UVwp9fClmtZLDc/h0/ulOE54BIBjiQasmlnvpOGSU78wUFLHngV0Amt\nyHNubQT3YbCoEriZzjN5d9QBXBxtCaRWodpxhjgWtq+ZdjpzsXW4HGEk5rFs1Ovn\nIGwsZukWxRj8b+iyz+5c4tJJuqQlwbYnaw/xd1TtWbmXQgDe6bYvhbT/VRVj7fZs\nVuHbyMnpWpHSSZdN/2hybPwIi8YL4iUp/0nezNTmTJccFjMEGDb0nXR76Orw1r5V\nwCATwIP3oOA6lv4knNLXqPq3RsijPQIDAQABAoICAH4Aqxg3+S2AIaQjVM7ocrJK\nqy2ssONLvs4SFT4lkvq16d0fi/2KEU0lHccdKc/GtDfvK/TBCnTpnamoQi0j1t32\noOcvSdDoPxc4ex2A50gTzDt/OFTYijqbkP+lU5KxLUeZHhtEDm5HQ7CjZONz51Li\nokI3IVzO9kUoR/lgn4jAegHbzX73c+KquzKeQsFXdBQ/Ldb/+8wB10SV2Enxeqqt\nWOwiVR3HXmnmzWAwOU9NPoGqQXgfO8FTIEckaUUMgOX1Zz0Ldd8uyMsOfbpYSzvZ\nbNSX1fox8PYtWyKhHSXCM1vB7Fyu4sJVifOsD7IclH6lV5L0jR2pIH9Gsuhnr385\n8frocQ7oGszpEH5JFKRFx6z4nqtO2FfxByS4YGFgyEtLj7ebt31oEbnv9cf4pbsO\n1OEE5tOh6uRqDAdFbmMZtyzvL/m7dsCi0YvOerOTEcHdfQKMu8fLfbOWF4LhNGiT\nFxe3Yl9U4aXOIz0VTIAJg8OMnS34tV4ByPDpRiQuvGYnkB8U5GWoI5BIA1V2cRkO\nQlS6j8UNTUwGZ+LVu93vBGeu3cVpA5PKL694F+be/kMoP0CnT4dV98pyraj87Vcz\niWrhfuhqYsVU99CSoy+9No+4AIcNXUucfjBa/NkLYH5PwMxm29EWWyEHMhaMwwKw\nUy5bXXo6Hc1THzZR+mjxAoIBAQDDd449389wpVcbkle1LBmqKqVWo9/JSi9zi+HB\n7lm75/4iprJzqjqoBUUpvm4lZY4qXPla8KWDEKxRQV2jows4nMOMBkBVmRLXPZZs\nLAdTujRdbp9PfFXlG6veDmckuLdoUa3vx+6c9/Q6CvRVMnWDFJ/OWmrn9CSU/SP9\n4rfpiQevBNnaJUUgdEyyvM66u+RX5ikjmmL3APGl3Adm4Q1DEBUPhC3j6p78TJyO\nXncTqMuaz2Va7LtlljNEdKotLMWx8xm5RkV9GCntX1KLl4o4PJx4KgRBhehQW7DX\nIbx8nRs4Fbl/Dr1TdWIDwUw4p3+8b4cLtuOeX+GoqNWKGGnXAoIBAQDkL98nE3Sy\nru4RwiCcF4HtgEQzlbIxAROsWnThRpYJJhlDvXTsNlSEmjHGM2x/CwtQeYu1K5lj\nTSjMnLtyIY2m7DZXsTlZS0Bo+dSmIeqFozA6hRYu4FRvjlKy1LjaB1zn+wmzUP3b\nmxZdWEwtFO6zJ9SjqYl+CLYYaZz5Wjta277yMtcRG+b+looj8tS6rnEmYUgy8E9N\nLBwqKnjfH2UXV3UY6FzDZSNcb0g465aH6/of/Uwpu4QkOAj3KQJzi5LVk7uCBp1X\nG4vi8lh67A7D3Yz+1mav11DPWS+yMfJUtL0R+pjNwuxl/LXusYodA9uKAyuMFCCc\nJS9sQauLd8ELAoIBAQCa3NbqOK7uLWDVLF2m4Xi39C+odA8yOD9eCT5k2oVntYcI\nRw/tSbpNMle4mfJEWLCI6b55iV1oeMY9Xk9k/SE/yhu3jaBc8PkXZOkPbNalREqG\nl8VKQVUAPqstNDYNxvcwhD4NUla/MEfj0JgCBAdMQgPWhpZajXiKPgDM/ln9gZ5/\n0JUVGyAodVvq5GHZWlGwPl7roT61OZ86bBfFL5rFPjGhaHS/NTye4cfLmBY5kis1\nzQkdP5+8/YJCwzessOM0eEkyG/WkBYf6U+JfTEGrCoJhRdC3ZPNI70wtNcJS7FoL\nVlLv0mq3e7GbDgNog3RVg/r3kf/Gk2qCqLj+PxdjAoIBADd1Sw78M4iZ61J1k+db\n70ABxJGk+EHguR9SfMWjmiNvFwTXrusZ6UCxGRfKt7vIu187qzDE/+qafif8j7IV\nZZAEKND3SbDiES1ySrR12cHQ/4+5eMK70smqFX9RI/wZfgMDiEAEly4gazcUlq7+\nP2VbcNq2AayYAWm9gWE5BOP4NFg48vw9g86sV7aU9g7JBscFLb7zmNJwvgeheu7/\nelpJ7zO2hZUXp5h3k14CI/u05n2P2krqQBttYwBu/yGF8pHl7dSUNvlMwJrPu6Fk\nbdI8rl/hS+PAuOssCeONMBBWPP15olmf3kSLPsxcaezTWzAXxSWuXp6UiwoMi9zB\npjECggEAIqsfmh4J4FXu35pZESqHHjot/6PDQKtBp5dxSdIXDy3kja0qF736m980\nQ16Uk+pLbNtrqUn0ps4sMVXUammTSFXAg4TEiHe5gOOOlhclKpa2alwBSctDGS1Q\nIST3Sex8AAc8GsjNmfO+SvKREVLQwiXy0b38O6jSWzukBvDfugWO4c3lJb8caGe2\n7/wesuUicvGgcBTQdeT6ueEaCQ5t/pMT8K/l8r5XtNi0yCr56JiFFKIYbG3DyJTq\nvCKHuFPPKbD4gkann2R2QanX0mI01rjsFnZaAPnyhVE9FmV0H8kR6zzx8gObiVmZ\nuA5uRoxxEp4daneXGH0WYIJ6M6DrdA==\n-----END PRIVATE KEY-----\n",
            "public_key_fingerprint_md5": "97:fa:a8:8a:6b:bc:ad:3c:88:79:a4:27:99:55:41:8a",
            "public_key_fingerprint_sha256": "SHA256:YC1MB9cg1qwD1WQS7SkC7D+f0ZkgUwo5iBhhkIOVWvU",
            "public_key_openssh": "ssh-rsa AAAAB3NzaC1yc2EAAAADAQABAAACAQCuOwgFM6pi9Xk/9OZo8Xfm7HoSO+zQg+O0/dX1IE5MfLrbsHSm/2kP0/wBGJ0CkuTKrNHDtIzl5rxfLmg1nQbQvGQmXzKqTaYppwrbRXF/VgiYVdYmrZI4KV8wMTDZddswXYnBvtkO9b+HkVMm9V0XG0Wd1V7jw4WmgOGRNjZduTFsd8aWnW5OVT4ZwuLlSUrhyrucFfdLBagZ/z+gTGu+9+rgzE42H6cUcfEhUuhA2drgWj2AUSuJmPOs+ZXiFhzVqo7S1o4tLhVxOp6AEJ93/7OBw7Ex+O44NSfnm+xrauMPQpwGdLVRQj46wWJ8/NEGr5jx3vHGLMyaeQtLcBDPNuyyvQ5bBjFnqII/dgfEyPhsywndlR1uV6hn4DnOp77uLSziGu4cnwSLaBFwxLSh+UVwp9fClmtZLDc/h0/ulOE54BIBjiQasmlnvpOGSU78wUFLHngV0AmtyHNubQT3YbCoEriZzjN5d9QBXBxtCaRWodpxhjgWtq+ZdjpzsXW4HGEk5rFs1OvnIGwsZukWxRj8b+iyz+5c4tJJuqQlwbYnaw/xd1TtWbmXQgDe6bYvhbT/VRVj7fZsVuHbyMnpWpHSSZdN/2hybPwIi8YL4iUp/0nezNTmTJccFjMEGDb0nXR76Orw1r5VwCATwIP3oOA6lv4knNLXqPq3RsijPQ==\n",
            "public_key_pem": "-----BEGIN PUBLIC KEY-----\nMIICIjANBgkqhkiG9w0BAQEFAAOCAg8AMIICCgKCAgEArjsIBTOqYvV5P/TmaPF3\n5ux6Ejvs0IPjtP3V9SBOTHy627B0pv9pD9P8ARidApLkyqzRw7SM5ea8Xy5oNZ0G\n0LxkJl8yqk2mKacK20Vxf1YImFXWJq2SOClfMDEw2XXbMF2Jwb7ZDvW/h5FTJvVd\nFxtFndVe48OFpoDhkTY2XbkxbHfGlp1uTlU+GcLi5UlK4cq7nBX3SwWoGf8/oExr\nvvfq4MxONh+nFHHxIVLoQNna4Fo9gFEriZjzrPmV4hYc1aqO0taOLS4VcTqegBCf\nd/+zgcOxMfjuODUn55vsa2rjD0KcBnS1UUI+OsFifPzRBq+Y8d7xxizMmnkLS3AQ\nzzbssr0OWwYxZ6iCP3YHxMj4bMsJ3ZUdbleoZ+A5zqe+7i0s4hruHJ8Ei2gRcMS0\noflFcKfXwpZrWSw3P4dP7pThOeASAY4kGrJpZ76ThklO/MFBSx54FdAJrchzbm0E\n92GwqBK4mc4zeXfUAVwcbQmkVqHacYY4FravmXY6c7F1uBxhJOaxbNTr5yBsLGbp\nFsUY/G/oss/uXOLSSbqkJcG2J2sP8XdU7Vm5l0IA3um2L4W0/1UVY+32bFbh28jJ\n6VqR0kmXTf9ocmz8CIvGC+IlKf9J3szU5kyXHBYzBBg29J10e+jq8Na+VcAgE8CD\n96DgOpb+JJzS16j6t0bIoz0CAwEAAQ==\n-----END PUBLIC KEY-----\n",
            "rsa_bits": 4096
          },
          "sensitive_attributes": []
        }
      ]
    }
  ]
}
